SITE
  remote: http://community.opscode.com/api/v1
  specs:
    build-essential (1.4.4)
    python (1.4.6)
      build-essential (>= 0.0.0)
      yum-epel (>= 0.0.0)
    runit (1.5.8)
      build-essential (>= 0.0.0)
      yum (~> 3.0)
      yum-epel (>= 0.0.0)
    yum (3.1.2)
    yum-epel (0.3.4)
      yum (~> 3.0)

GIT
  remote: git://github.com/fnichol/chef-git.git
  ref: master
  sha: 6c19cbefcdad5ec0f62a64dae1f656d660698ea3
  specs:
    git (0.9.0)
      runit (>= 0.0.0)

GIT
  remote: git://github.com/ikusalic/chef-vim-setup.git
  ref: master
  sha: 5b9d695b717950d43b7fc448709b54cbd4a238aa
  specs:
    vim-setup (1.2.9)
      git (>= 0.0.0)

DEPENDENCIES
  git (>= 0)
  python (>= 0)
  vim-setup (>= 0)
  yum (>= 0)

